
Microsoft Visual Studio Solution File, Format Version 12.00
# Visual Studio Version 16
VisualStudioVersion = 16.0.32126.315
MinimumVisualStudioVersion = 10.0.40219.1
Project("{FAE04EC0-301F-11D3-BF4B-00C04F79EFBC}") = "partieback", "partieback\partieback.csproj", "{ECD23075-D5D1-4970-B169-DA4A57079ADE}"
EndProject
Global
	GlobalSection(SolutionConfigurationPlatforms) = preSolution
		Debug|Any CPU = Debug|Any CPU
		Release|Any CPU = Release|Any CPU
	EndGlobalSection
	GlobalSection(ProjectConfigurationPlatforms) = postSolution
		{ECD23075-D5D1-4970-B169-DA4A57079ADE}.Debug|Any CPU.ActiveCfg = Debug|Any CPU
		{ECD23075-D5D1-4970-B169-DA4A57079ADE}.Debug|Any CPU.Build.0 = Debug|Any CPU
		{ECD23075-D5D1-4970-B169-DA4A57079ADE}.Release|Any CPU.ActiveCfg = Release|Any CPU
		{ECD23075-D5D1-4970-B169-DA4A57079ADE}.Release|Any CPU.Build.0 = Release|Any CPU
	EndGlobalSection
	GlobalSection(SolutionProperties) = preSolution
		HideSolutionNode = FALSE
	EndGlobalSection
	GlobalSection(ExtensibilityGlobals) = postSolution
		SolutionGuid = {C7E5E77D-23A7-477D-990D-897AD5C9545B}
	EndGlobalSection
EndGlobal
